
Microsoft Visual Studio Solution File, Format Version 12.00
# Visual Studio Version 17
VisualStudioVersion = 17.9.34728.123
MinimumVisualStudioVersion = 10.0.40219.1
Project("{9A19103F-16F7-4668-BE54-9A1E7A4F7556}") = "ReataurantBookingApp.Server", "ReataurantBookingApp.Server\ReataurantBookingApp.Server.csproj", "{9DBAE85E-BC9C-4136-8D2B-EB279EF01837}"
EndProject
Project("{54A90642-561A-4BB1-A94E-469ADEE60C69}") = "reataurantbookingapp.client", "reataurantbookingapp.client\reataurantbookingapp.client.esproj", "{C4F1D2CD-FFA3-41AB-AC0D-729F8CA0D360}"
EndProject
Project("{FAE04EC0-301F-11D3-BF4B-00C04F79EFBC}") = "Restaurant.Data.Access", "Restaurant.Data.Access\Restaurant.Data.Access.csproj", "{AFA0A165-BC64-4A09-A2F3-37E70D9B361C}"
EndProject
Project("{FAE04EC0-301F-11D3-BF4B-00C04F79EFBC}") = "Restaurant.Models", "Restaurant.Models\Restaurant.Models.csproj", "{5FE25AB1-5C19-4001-89A9-0A2D4F31DDE1}"
EndProject
Project("{FAE04EC0-301F-11D3-BF4B-00C04F79EFBC}") = "Resaturant.Utility", "Resaturant.Utility\Resaturant.Utility.csproj", "{1458E680-396A-4916-9433-5679B277136E}"
EndProject
Project("{FAE04EC0-301F-11D3-BF4B-00C04F79EFBC}") = "RestaurantServices", "RestaurantServices\RestaurantServices.csproj", "{4C33FAD1-42CA-403D-AC67-27718C99D328}"
EndProject
Project("{FAE04EC0-301F-11D3-BF4B-00C04F79EFBC}") = "RestaurantViewModels", "RestaurantViewModels\RestaurantViewModels.csproj", "{7CE6F3B0-F9CC-4145-BD15-EBDF0336A591}"
EndProject
Project("{FAE04EC0-301F-11D3-BF4B-00C04F79EFBC}") = "ServiceRegisterExtension", "ServiceRegisterExtension\ServiceRegisterExtension.csproj", "{9FDC0939-7ED4-4049-B6BB-2A1177B3B408}"
EndProject
Global
	GlobalSection(SolutionConfigurationPlatforms) = preSolution
		Debug|Any CPU = Debug|Any CPU
		Release|Any CPU = Release|Any CPU
	EndGlobalSection
	GlobalSection(ProjectConfigurationPlatforms) = postSolution
		{9DBAE85E-BC9C-4136-8D2B-EB279EF01837}.Debug|Any CPU.ActiveCfg = Debug|Any CPU
		{9DBAE85E-BC9C-4136-8D2B-EB279EF01837}.Debug|Any CPU.Build.0 = Debug|Any CPU
		{9DBAE85E-BC9C-4136-8D2B-EB279EF01837}.Release|Any CPU.ActiveCfg = Release|Any CPU
		{9DBAE85E-BC9C-4136-8D2B-EB279EF01837}.Release|Any CPU.Build.0 = Release|Any CPU
		{C4F1D2CD-FFA3-41AB-AC0D-729F8CA0D360}.Debug|Any CPU.ActiveCfg = Debug|Any CPU
		{C4F1D2CD-FFA3-41AB-AC0D-729F8CA0D360}.Debug|Any CPU.Build.0 = Debug|Any CPU
		{C4F1D2CD-FFA3-41AB-AC0D-729F8CA0D360}.Debug|Any CPU.Deploy.0 = Debug|Any CPU
		{C4F1D2CD-FFA3-41AB-AC0D-729F8CA0D360}.Release|Any CPU.ActiveCfg = Release|Any CPU
		{C4F1D2CD-FFA3-41AB-AC0D-729F8CA0D360}.Release|Any CPU.Build.0 = Release|Any CPU
		{C4F1D2CD-FFA3-41AB-AC0D-729F8CA0D360}.Release|Any CPU.Deploy.0 = Release|Any CPU
		{AFA0A165-BC64-4A09-A2F3-37E70D9B361C}.Debug|Any CPU.ActiveCfg = Debug|Any CPU
		{AFA0A165-BC64-4A09-A2F3-37E70D9B361C}.Debug|Any CPU.Build.0 = Debug|Any CPU
		{AFA0A165-BC64-4A09-A2F3-37E70D9B361C}.Release|Any CPU.ActiveCfg = Release|Any CPU
		{AFA0A165-BC64-4A09-A2F3-37E70D9B361C}.Release|Any CPU.Build.0 = Release|Any CPU
		{5FE25AB1-5C19-4001-89A9-0A2D4F31DDE1}.Debug|Any CPU.ActiveCfg = Debug|Any CPU
		{5FE25AB1-5C19-4001-89A9-0A2D4F31DDE1}.Debug|Any CPU.Build.0 = Debug|Any CPU
		{5FE25AB1-5C19-4001-89A9-0A2D4F31DDE1}.Release|Any CPU.ActiveCfg = Release|Any CPU
		{5FE25AB1-5C19-4001-89A9-0A2D4F31DDE1}.Release|Any CPU.Build.0 = Release|Any CPU
		{1458E680-396A-4916-9433-5679B277136E}.Debug|Any CPU.ActiveCfg = Debug|Any CPU
		{1458E680-396A-4916-9433-5679B277136E}.Debug|Any CPU.Build.0 = Debug|Any CPU
		{1458E680-396A-4916-9433-5679B277136E}.Release|Any CPU.ActiveCfg = Release|Any CPU
		{1458E680-396A-4916-9433-5679B277136E}.Release|Any CPU.Build.0 = Release|Any CPU
		{4C33FAD1-42CA-403D-AC67-27718C99D328}.Debug|Any CPU.ActiveCfg = Debug|Any CPU
		{4C33FAD1-42CA-403D-AC67-27718C99D328}.Debug|Any CPU.Build.0 = Debug|Any CPU
		{4C33FAD1-42CA-403D-AC67-27718C99D328}.Release|Any CPU.ActiveCfg = Release|Any CPU
		{4C33FAD1-42CA-403D-AC67-27718C99D328}.Release|Any CPU.Build.0 = Release|Any CPU
		{7CE6F3B0-F9CC-4145-BD15-EBDF0336A591}.Debug|Any CPU.ActiveCfg = Debug|Any CPU
		{7CE6F3B0-F9CC-4145-BD15-EBDF0336A591}.Debug|Any CPU.Build.0 = Debug|Any CPU
		{7CE6F3B0-F9CC-4145-BD15-EBDF0336A591}.Release|Any CPU.ActiveCfg = Release|Any CPU
		{7CE6F3B0-F9CC-4145-BD15-EBDF0336A591}.Release|Any CPU.Build.0 = Release|Any CPU
		{9FDC0939-7ED4-4049-B6BB-2A1177B3B408}.Debug|Any CPU.ActiveCfg = Debug|Any CPU
		{9FDC0939-7ED4-4049-B6BB-2A1177B3B408}.Debug|Any CPU.Build.0 = Debug|Any CPU
		{9FDC0939-7ED4-4049-B6BB-2A1177B3B408}.Release|Any CPU.ActiveCfg = Release|Any CPU
		{9FDC0939-7ED4-4049-B6BB-2A1177B3B408}.Release|Any CPU.Build.0 = Release|Any CPU
	EndGlobalSection
	GlobalSection(SolutionProperties) = preSolution
		HideSolutionNode = FALSE
	EndGlobalSection
	GlobalSection(ExtensibilityGlobals) = postSolution
		SolutionGuid = {D611518E-D685-4E2F-98D0-925E8D002DB2}
	EndGlobalSection
EndGlobal
